// !$*UTF8*$!
{
	archiveVersion = 1;
	classes = {
	};
	objectVersion = 46;
	objects = {

/* Begin PBXBuildFile section */
		1F93CCFC19EE4A11001B7B6B /* AppDelegate.swift in Sources */ = {isa = PBXBuildFile; fileRef = 1F93CCFB19EE4A11001B7B6B /* AppDelegate.swift */; };
		1F93CCFE19EE4A11001B7B6B /* ViewController.swift in Sources */ = {isa = PBXBuildFile; fileRef = 1F93CCFD19EE4A11001B7B6B /* ViewController.swift */; };
		1F93CD0119EE4A11001B7B6B /* Main.storyboard in Resources */ = {isa = PBXBuildFile; fileRef = 1F93CCFF19EE4A11001B7B6B /* Main.storyboard */; };
		1F93CD0319EE4A11001B7B6B /* Images.xcassets in Resources */ = {isa = PBXBuildFile; fileRef = 1F93CD0219EE4A11001B7B6B /* Images.xcassets */; };
		1F93CD0619EE4A11001B7B6B /* LaunchScreen.xib in Resources */ = {isa = PBXBuildFile; fileRef = 1F93CD0419EE4A11001B7B6B /* LaunchScreen.xib */; };
		1F93CD1219EE4A11001B7B6B /* Shoe_Size_ConverterTests.swift in Sources */ = {isa = PBXBuildFile; fileRef = 1F93CD1119EE4A11001B7B6B /* Shoe_Size_ConverterTests.swift */; };
/* End PBXBuildFile section */

/* Begin PBXContainerItemProxy section */
		1F93CD0C19EE4A11001B7B6B /* PBXContainerItemProxy */ = {
			isa = PBXContainerItemProxy;
			containerPortal = 1F93CCEE19EE4A11001B7B6B /* Project object */;
			proxyType = 1;
			remoteGlobalIDString = 1F93CCF519EE4A11001B7B6B;
			remoteInfo = "Shoe Size Converter";
		};
/* End PBXContainerItemProxy section */

/* Begin PBXFileReference section */
		1F93CCF619EE4A11001B7B6B /* Shoe Size Converter.app */ = {isa = PBXFileReference; explicitFileType = wrapper.application; includeInIndex = 0; path = "Shoe Size Converter.app"; sourceTree = BUILT_PRODUCTS_DIR; };
		1F93CCFA19EE4A11001B7B6B /* Info.plist */ = {isa = PBXFileReference; lastKnownFileType = text.plist.xml; path = Info.plist; sourceTree = "<group>"; };
		1F93CCFB19EE4A11001B7B6B /* AppDelegate.swift */ = {isa = PBXFileReference; lastKnownFileType = sourcecode.swift; path = AppDelegate.swift; sourceTree = "<group>"; };
		1F93CCFD19EE4A11001B7B6B /* ViewController.swift */ = {isa = PBXFileReference; lastKnownFileType = sourcecode.swift; path = ViewController.swift; sourceTree = "<group>"; };
		1F93CD0019EE4A11001B7B6B /* Base */ = {isa = PBXFileReference; lastKnownFileType = file.storyboard; name = Base; path = Base.lproj/Main.storyboard; sourceTree = "<group>"; };
		1F93CD0219EE4A11001B7B6B /* Images.xcassets */ = {isa = PBXFileReference; lastKnownFileType = folder.assetcatalog; path = Images.xcassets; sourceTree = "<group>"; };
		1F93CD0519EE4A11001B7B6B /* Base */ = {isa = PBXFileReference; lastKnownFileType = file.xib; name = Base; path = Base.lproj/LaunchScreen.xib; sourceTree = "<group>"; };
		1F93CD0B19EE4A11001B7B6B /* Shoe Size ConverterTests.xctest */ = {isa = PBXFileReference; explicitFileType = wrapper.cfbundle; includeInIndex = 0; path = "Shoe Size ConverterTests.xctest"; sourceTree = BUILT_PRODUCTS_DIR; };
		1F93CD1019EE4A11001B7B6B /* Info.plist */ = {isa = PBXFileReference; lastKnownFileType = text.plist.xml; path = Info.plist; sourceTree = "<group>"; };
		1F93CD1119EE4A11001B7B6B /* Shoe_Size_ConverterTests.swift */ = {isa = PBXFileReference; lastKnownFileType = sourcecode.swift; path = Shoe_Size_ConverterTests.swift; sourceTree = "<group>"; };
/* End PBXFileReference section */

/* Begin PBXFrameworksBuildPhase section */
		1F93CCF319EE4A11001B7B6B /* Frameworks */ = {
			isa = PBXFrameworksBuildPhase;
			buildActionMask = 2147483647;
			files = (
			);
			runOnlyForDeploymentPostprocessing = 0;
		};
		1F93CD0819EE4A11001B7B6B /* Frameworks */ = {
			isa = PBXFrameworksBuildPhase;
			buildActionMask = 2147483647;
			files = (
			);
			runOnlyForDeploymentPostprocessing = 0;
		};
/* End PBXFrameworksBuildPhase section */

/* Begin PBXGroup section */
		1F93CCED19EE4A11001B7B6B = {
			isa = PBXGroup;
			children = (
				1F93CCF819EE4A11001B7B6B /* Shoe Size Converter */,
				1F93CD0E19EE4A11001B7B6B /* Shoe Size ConverterTests */,
				1F93CCF719EE4A11001B7B6B /* Products */,
			);
			sourceTree = "<group>";
		};
		1F93CCF719EE4A11001B7B6B /* Products */ = {
			isa = PBXGroup;
			children = (
				1F93CCF619EE4A11001B7B6B /* Shoe Size Converter.app */,
				1F93CD0B19EE4A11001B7B6B /* Shoe Size ConverterTests.xctest */,
			);
			name = Products;
			sourceTree = "<group>";
		};
		1F93CCF819EE4A11001B7B6B /* Shoe Size Converter */ = {
			isa = PBXGroup;
			children = (
				1F93CCFB19EE4A11001B7B6B /* AppDelegate.swift */,
				1F93CCFD19EE4A11001B7B6B /* ViewController.swift */,
				1F93CCFF19EE4A11001B7B6B /* Main.storyboard */,
				1F93CD0219EE4A11001B7B6B /* Images.xcassets */,
				1F93CD0419EE4A11001B7B6B /* LaunchScreen.xib */,
				1F93CCF919EE4A11001B7B6B /* Supporting Files */,
			);
			path = "Shoe Size Converter";
			sourceTree = "<group>";
		};
		1F93CCF919EE4A11001B7B6B /* Supporting Files */ = {
			isa = PBXGroup;
			children = (
				1F93CCFA19EE4A11001B7B6B /* Info.plist */,
			);
			name = "Supporting Files";
			sourceTree = "<group>";
		};
		1F93CD0E19EE4A11001B7B6B /* Shoe Size ConverterTests */ = {
			isa = PBXGroup;
			children = (
				1F93CD1119EE4A11001B7B6B /* Shoe_Size_ConverterTests.swift */,
				1F93CD0F19EE4A11001B7B6B /* Supporting Files */,
			);
			path = "Shoe Size ConverterTests";
			sourceTree = "<group>";
		};
		1F93CD0F19EE4A11001B7B6B /* Supporting Files */ = {
			isa = PBXGroup;
			children = (
				1F93CD1019EE4A11001B7B6B /* Info.plist */,
			);
			name = "Supporting Files";
			sourceTree = "<group>";
		};
/* End PBXGroup section */

/* Begin PBXNativeTarget section */
		1F93CCF519EE4A11001B7B6B /* Shoe Size Converter */ = {
			isa = PBXNativeTarget;
			buildConfigurationList = 1F93CD1519EE4A11001B7B6B /* Build configuration list for PBXNativeTarget "Shoe Size Converter" */;
			buildPhases = (
				1F93CCF219EE4A11001B7B6B /* Sources */,
				1F93CCF319EE4A11001B7B6B /* Frameworks */,
				1F93CCF419EE4A11001B7B6B /* Resources */,
			);
			buildRules = (
			);
			dependencies = (
			);
			name = "Shoe Size Converter";
			productName = "Shoe Size Converter";
			productReference = 1F93CCF619EE4A11001B7B6B /* Shoe Size Converter.app */;
			productType = "com.apple.product-type.application";
		};
		1F93CD0A19EE4A11001B7B6B /* Shoe Size ConverterTests */ = {
			isa = PBXNativeTarget;
			buildConfigurationList = 1F93CD1819EE4A11001B7B6B /* Build configuration list for PBXNativeTarget "Shoe Size ConverterTests" */;
			buildPhases = (
				1F93CD0719EE4A11001B7B6B /* Sources */,
				1F93CD0819EE4A11001B7B6B /* Frameworks */,
				1F93CD0919EE4A11001B7B6B /* Resources */,
			);
			buildRules = (
			);
			dependencies = (
				1F93CD0D19EE4A11001B7B6B /* PBXTargetDependency */,
			);
			name = "Shoe Size ConverterTests";
			productName = "Shoe Size ConverterTests";
			productReference = 1F93CD0B19EE4A11001B7B6B /* Shoe Size ConverterTests.xctest */;
			productType = "com.apple.product-type.bundle.unit-test";
		};
/* End PBXNativeTarget section */

/* Begin PBXProject section */
		1F93CCEE19EE4A11001B7B6B /* Project object */ = {
			isa = PBXProject;
			attributes = {
				LastUpgradeCheck = 0600;
				ORGANIZATIONNAME = "Ian Matteson Photo";
				TargetAttributes = {
					1F93CCF519EE4A11001B7B6B = {
						CreatedOnToolsVersion = 6.0.1;
					};
					1F93CD0A19EE4A11001B7B6B = {
						CreatedOnToolsVersion = 6.0.1;
						TestTargetID = 1F93CCF519EE4A11001B7B6B;
					};
				};
			};
			buildConfigurationList = 1F93CCF119EE4A11001B7B6B /* Build configuration list for PBXProject "Shoe Size Converter" */;
			compatibilityVersion = "Xcode 3.2";
			developmentRegion = English;
			hasScannedForEncodings = 0;
			knownRegions = (
				en,
				Base,
			);
			mainGroup = 1F93CCED19EE4A11001B7B6B;
			productRefGroup = 1F93CCF719EE4A11001B7B6B /* Products */;
			projectDirPath = "";
			projectRoot = "";
			targets = (
				1F93CCF519EE4A11001B7B6B /* Shoe Size Converter */,
				1F93CD0A19EE4A11001B7B6B /* Shoe Size ConverterTests */,
			);
		};
/* End PBXProject section */

/* Begin PBXResourcesBuildPhase section */
		1F93CCF419EE4A11001B7B6B /* Resources */ = {
			isa = PBXResourcesBuildPhase;
			buildActionMask = 2147483647;
			files = (
				1F93CD0119EE4A11001B7B6B /* Main.storyboard in Resources */,
				1F93CD0619EE4A11001B7B6B /* LaunchScreen.xib in Resources */,
				1F93CD0319EE4A11001B7B6B /* Images.xcassets in Resources */,
			);
			runOnlyForDeploymentPostprocessing = 0;
		};
		1F93CD0919EE4A11001B7B6B /* Resources */ = {
			isa = PBXResourcesBuildPhase;
			buildActionMask = 2147483647;
			files = (
			);
			runOnlyForDeploymentPostprocessing = 0;
		};
/* End PBXResourcesBuildPhase section */

/* Begin PBXSourcesBuildPhase section */
		1F93CCF219EE4A11001B7B6B /* Sources */ = {
			isa = PBXSourcesBuildPhase;
			buildActionMask = 2147483647;
			files = (
				1F93CCFE19EE4A11001B7B6B /* ViewController.swift in Sources */,
				1F93CCFC19EE4A11001B7B6B /* AppDelegate.swift in Sources */,
			);
			runOnlyForDeploymentPostprocessing = 0;
		};
		1F93CD0719EE4A11001B7B6B /* Sources */ = {
			isa = PBXSourcesBuildPhase;
			buildActionMask = 2147483647;
			files = (
				1F93CD1219EE4A11001B7B6B /* Shoe_Size_ConverterTests.swift in Sources */,
			);
			runOnlyForDeploymentPostprocessing = 0;
		};
/* End PBXSourcesBuildPhase section */

/* Begin PBXTargetDependency section */
		1F93CD0D19EE4A11001B7B6B /* PBXTargetDependency */ = {
			isa = PBXTargetDependency;
			target = 1F93CCF519EE4A11001B7B6B /* Shoe Size Converter */;
			targetProxy = 1F93CD0C19EE4A11001B7B6B /* PBXContainerItemProxy */;
		};
/* End PBXTargetDependency section */

/* Begin PBXVariantGroup section */
		1F93CCFF19EE4A11001B7B6B /* Main.storyboard */ = {
			isa = PBXVariantGroup;
			children = (
				1F93CD0019EE4A11001B7B6B /* Base */,
			);
			name = Main.storyboard;
			sourceTree = "<group>";
		};
		1F93CD0419EE4A11001B7B6B /* LaunchScreen.xib */ = {
			isa = PBXVariantGroup;
			children = (
				1F93CD0519EE4A11001B7B6B /* Base */,
			);
			name = LaunchScreen.xib;
			sourceTree = "<group>";
		};
/* End PBXVariantGroup section */

/* Begin XCBuildConfiguration section */
		1F93CD1319EE4A11001B7B6B /* Debug */ = {
			isa = XCBuildConfiguration;
			buildSettings = {
				ALWAYS_SEARCH_USER_PATHS = NO;
				CLANG_CXX_LANGUAGE_STANDARD = "gnu++0x";
				CLANG_CXX_LIBRARY = "libc++";
				CLANG_ENABLE_MODULES = YES;
				CLANG_ENABLE_OBJC_ARC = YES;
				CLANG_WARN_BOOL_CONVERSION = YES;
				CLANG_WARN_CONSTANT_CONVERSION = YES;
				CLANG_WARN_DIRECT_OBJC_ISA_USAGE = YES_ERROR;
				CLANG_WARN_EMPTY_BODY = YES;
				CLANG_WARN_ENUM_CONVERSION = YES;
				CLANG_WARN_INT_CONVERSION = YES;
				CLANG_WARN_OBJC_ROOT_CLASS = YES_ERROR;
				CLANG_WARN_UNREACHABLE_CODE = YES;
				CLANG_WARN__DUPLICATE_METHOD_MATCH = YES;
				"CODE_SIGN_IDENTITY[sdk=iphoneos*]" = "iPhone Developer";
				COPY_PHASE_STRIP = NO;
				ENABLE_STRICT_OBJC_MSGSEND = YES;
				GCC_C_LANGUAGE_STANDARD = gnu99;
				GCC_DYNAMIC_NO_PIC = NO;
				GCC_OPTIMIZATION_LEVEL = 0;
				GCC_PREPROCESSOR_DEFINITIONS = (
					"DEBUG=1",
					"$(inherited)",
				);
				GCC_SYMBOLS_PRIVATE_EXTERN = NO;
				GCC_WARN_64_TO_32_BIT_CONVERSION = YES;
				GCC_WARN_ABOUT_RETURN_TYPE = YES_ERROR;
				GCC_WARN_UNDECLARED_SELECTOR = YES;
				GCC_WARN_UNINITIALIZED_AUTOS = YES_AGGRESSIVE;
				GCC_WARN_UNUSED_FUNCTION = YES;
				GCC_WARN_UNUSED_VARIABLE = YES;
				IPHONEOS_DEPLOYMENT_TARGET = 8.0;
				MTL_ENABLE_DEBUG_INFO = YES;
				ONLY_ACTIVE_ARCH = YES;
				SDKROOT = iphoneos;
				SWIFT_OPTIMIZATION_LEVEL = "-Onone";
				TARGETED_DEVICE_FAMILY = "1,2";
			};
			name = Debug;
		};
		1F93CD1419EE4A11001B7B6B /* Release */ = {
			isa = XCBuildConfiguration;
			buildSettings = {
				ALWAYS_SEARCH_USER_PATHS = NO;
				CLANG_CXX_LANGUAGE_STANDARD = "gnu++0x";
				CLANG_CXX_LIBRARY = "libc++";
				CLANG_ENABLE_MODULES = YES;
				CLANG_ENABLE_OBJC_ARC = YES;
				CLANG_WARN_BOOL_CONVERSION = YES;
				CLANG_WARN_CONSTANT_CONVERSION = YES;
				CLANG_WARN_DIRECT_OBJC_ISA_USAGE = YES_ERROR;
				CLANG_WARN_EMPTY_BODY = YES;
				CLANG_WARN_ENUM_CONVERSION = YES;
				CLANG_WARN_INT_CONVERSION = YES;
				CLANG_WARN_OBJC_ROOT_CLASS = YES_ERROR;
				CLANG_WARN_UNREACHABLE_CODE = YES;
				CLANG_WARN__DUPLICATE_METHOD_MATCH = YES;
				"CODE_SIGN_IDENTITY[sdk=iphoneos*]" = "iPhone Developer";
				COPY_PHASE_STRIP = YES;
				ENABLE_NS_ASSERTIONS = NO;
				ENABLE_STRICT_OBJC_MSGSEND = YES;
				GCC_C_LANGUAGE_STANDARD = gnu99;
				GCC_WARN_64_TO_32_BIT_CONVERSION = YES;
				GCC_WARN_ABOUT_RETURN_TYPE = YES_ERROR;
				GCC_WARN_UNDECLARED_SELECTOR = YES;
				GCC_WARN_UNINITIALIZED_AUTOS = YES_AGGRESSIVE;
				GCC_WARN_UNUSED_FUNCTION = YES;
				GCC_WARN_UNUSED_VARIABLE = YES;
				IPHONEOS_DEPLOYMENT_TARGET = 8.0;
				MTL_ENABLE_DEBUG_INFO = NO;
				SDKROOT = iphoneos;
				TARGETED_DEVICE_FAMILY = "1,2";
				VALIDATE_PRODUCT = YES;
			};
			name = Release;
		};
		1F93CD1619EE4A11001B7B6B /* Debug */ = {
			isa = XCBuildConfiguration;
			buildSettings = {
				ASSETCATALOG_COMPILER_APPICON_NAME = AppIcon;
				INFOPLIST_FILE = "Shoe Size Converter/Info.plist";
				LD_RUNPATH_SEARCH_PATHS = "$(inherited) @executable_path/Frameworks";
				PRODUCT_NAME = "$(TARGET_NAME)";
			};
			name = Debug;
		};
		1F93CD1719EE4A11001B7B6B /* Release */ = {
			isa = XCBuildConfiguration;
			buildSettings = {
				ASSETCATALOG_COMPILER_APPICON_NAME = AppIcon;
				INFOPLIST_FILE = "Shoe Size Converter/Info.plist";
				LD_RUNPATH_SEARCH_PATHS = "$(inherited) @executable_path/Frameworks";
				PRODUCT_NAME = "$(TARGET_NAME)";
			};
			name = Release;
		};
		1F93CD1919EE4A11001B7B6B /* Debug */ = {
			isa = XCBuildConfiguration;
			buildSettings = {
				BUNDLE_LOADER = "$(TEST_HOST)";
				FRAMEWORK_SEARCH_PATHS = (
					"$(SDKROOT)/Developer/Library/Frameworks",
					"$(inherited)",
				);
				GCC_PREPROCESSOR_DEFINITIONS = (
					"DEBUG=1",
					"$(inherited)",
				);
				INFOPLIST_FILE = "Shoe Size ConverterTests/Info.plist";
				LD_RUNPATH_SEARCH_PATHS = "$(inherited) @executable_path/Frameworks @loader_path/Frameworks";
				PRODUCT_NAME = "$(TARGET_NAME)";
				TEST_HOST = "$(BUILT_PRODUCTS_DIR)/Shoe Size Converter.app/Shoe Size Converter";
			};
			name = Debug;
		};
		1F93CD1A19EE4A11001B7B6B /* Release */ = {
			isa = XCBuildConfiguration;
			buildSettings = {
				BUNDLE_LOADER = "$(TEST_HOST)";
				FRAMEWORK_SEARCH_PATHS = (
					"$(SDKROOT)/Developer/Library/Frameworks",
					"$(inherited)",
				);
				INFOPLIST_FILE = "Shoe Size ConverterTests/Info.plist";
				LD_RUNPATH_SEARCH_PATHS = "$(inherited) @executable_path/Frameworks @loader_path/Frameworks";
				PRODUCT_NAME = "$(TARGET_NAME)";
				TEST_HOST = "$(BUILT_PRODUCTS_DIR)/Shoe Size Converter.app/Shoe Size Converter";
			};
			name = Release;
		};
/* End XCBuildConfiguration section */

/* Begin XCConfigurationList section */
		1F93CCF119EE4A11001B7B6B /* Build configuration list for PBXProject "Shoe Size Converter" */ = {
			isa = XCConfigurationList;
			buildConfigurations = (
				1F93CD1319EE4A11001B7B6B /* Debug */,
				1F93CD1419EE4A11001B7B6B /* Release */,
			);
			defaultConfigurationIsVisible = 0;
			defaultConfigurationName = Release;
		};
		1F93CD1519EE4A11001B7B6B /* Build configuration list for PBXNativeTarget "Shoe Size Converter" */ = {
			isa = XCConfigurationList;
			buildConfigurations = (
				1F93CD1619EE4A11001B7B6B /* Debug */,
				1F93CD1719EE4A11001B7B6B /* Release */,
			);
			defaultConfigurationIsVisible = 0;
		};
		1F93CD1819EE4A11001B7B6B /* Build configuration list for PBXNativeTarget "Shoe Size ConverterTests" */ = {
			isa = XCConfigurationList;
			buildConfigurations = (
				1F93CD1919EE4A11001B7B6B /* Debug */,
				1F93CD1A19EE4A11001B7B6B /* Release */,
			);
			defaultConfigurationIsVisible = 0;
		};
/* End XCConfigurationList section */
	};
	rootObject = 1F93CCEE19EE4A11001B7B6B /* Project object */;
}
